
Microsoft Visual Studio Solution File, Format Version 12.00
# Visual Studio Version 17
VisualStudioVersion = 17.5.002.0
MinimumVisualStudioVersion = 10.0.40219.1
Project("{9A19103F-16F7-4668-BE54-9A1E7A4F7556}") = "sourcegeneratordemo", "sourcegeneratordemo\sourcegeneratordemo.csproj", "{59275EE2-0767-42D8-BE4D-A3E15F617C20}"
EndProject
Project("{FAE04EC0-301F-11D3-BF4B-00C04F79EFBC}") = "sourcegenerator", "sourcegenerator\sourcegenerator.csproj", "{5E2F21F9-13C3-4242-8470-4265EBE377D3}"
EndProject
Global
	GlobalSection(SolutionConfigurationPlatforms) = preSolution
		Debug|Any CPU = Debug|Any CPU
		Release|Any CPU = Release|Any CPU
	EndGlobalSection
	GlobalSection(ProjectConfigurationPlatforms) = postSolution
		{59275EE2-0767-42D8-BE4D-A3E15F617C20}.Debug|Any CPU.ActiveCfg = Debug|Any CPU
		{59275EE2-0767-42D8-BE4D-A3E15F617C20}.Debug|Any CPU.Build.0 = Debug|Any CPU
		{59275EE2-0767-42D8-BE4D-A3E15F617C20}.Release|Any CPU.ActiveCfg = Release|Any CPU
		{59275EE2-0767-42D8-BE4D-A3E15F617C20}.Release|Any CPU.Build.0 = Release|Any CPU
		{5E2F21F9-13C3-4242-8470-4265EBE377D3}.Debug|Any CPU.ActiveCfg = Debug|Any CPU
		{5E2F21F9-13C3-4242-8470-4265EBE377D3}.Debug|Any CPU.Build.0 = Debug|Any CPU
		{5E2F21F9-13C3-4242-8470-4265EBE377D3}.Release|Any CPU.ActiveCfg = Release|Any CPU
		{5E2F21F9-13C3-4242-8470-4265EBE377D3}.Release|Any CPU.Build.0 = Release|Any CPU
	EndGlobalSection
	GlobalSection(SolutionProperties) = preSolution
		HideSolutionNode = FALSE
	EndGlobalSection
	GlobalSection(ExtensibilityGlobals) = postSolution
		SolutionGuid = {B3A03357-0FD7-4246-A131-EDB75DA76DE2}
	EndGlobalSection
EndGlobal
